
Microsoft Visual Studio Solution File, Format Version 12.00
# Visual Studio Version 17
VisualStudioVersion = 17.14.36121.58 d17.14
MinimumVisualStudioVersion = 10.0.40219.1
Project("{FAE04EC0-301F-11D3-BF4B-00C04F79EFBC}") = "RestAPIPrueba", "RestAPIPrueba\RestAPIPrueba.csproj", "{BE2C780B-59CC-4EE0-A42B-693D1DC28235}"
EndProject
Global
	GlobalSection(SolutionConfigurationPlatforms) = preSolution
		Debug|Any CPU = Debug|Any CPU
		Release|Any CPU = Release|Any CPU
	EndGlobalSection
	GlobalSection(ProjectConfigurationPlatforms) = postSolution
		{BE2C780B-59CC-4EE0-A42B-693D1DC28235}.Debug|Any CPU.ActiveCfg = Debug|Any CPU
		{BE2C780B-59CC-4EE0-A42B-693D1DC28235}.Debug|Any CPU.Build.0 = Debug|Any CPU
		{BE2C780B-59CC-4EE0-A42B-693D1DC28235}.Release|Any CPU.ActiveCfg = Release|Any CPU
		{BE2C780B-59CC-4EE0-A42B-693D1DC28235}.Release|Any CPU.Build.0 = Release|Any CPU
	EndGlobalSection
	GlobalSection(SolutionProperties) = preSolution
		HideSolutionNode = FALSE
	EndGlobalSection
	GlobalSection(ExtensibilityGlobals) = postSolution
		SolutionGuid = {6EE08FEE-1DAA-4174-B79F-760CC7A86BAE}
	EndGlobalSection
EndGlobal
